
Microsoft Visual Studio Solution File, Format Version 12.00
# Visual Studio Version 16
VisualStudioVersion = 16.0.30320.27
MinimumVisualStudioVersion = 10.0.40219.1
Project("{FAE04EC0-301F-11D3-BF4B-00C04F79EFBC}") = "File_Encrypter", "File_Encrypter\File_Encrypter.csproj", "{C914475A-0BAD-475B-A998-90D05EBD3922}"
EndProject
Global
	GlobalSection(SolutionConfigurationPlatforms) = preSolution
		Debug|Any CPU = Debug|Any CPU
		Release|Any CPU = Release|Any CPU
	EndGlobalSection
	GlobalSection(ProjectConfigurationPlatforms) = postSolution
		{C914475A-0BAD-475B-A998-90D05EBD3922}.Debug|Any CPU.ActiveCfg = Debug|Any CPU
		{C914475A-0BAD-475B-A998-90D05EBD3922}.Debug|Any CPU.Build.0 = Debug|Any CPU
		{C914475A-0BAD-475B-A998-90D05EBD3922}.Release|Any CPU.ActiveCfg = Release|Any CPU
		{C914475A-0BAD-475B-A998-90D05EBD3922}.Release|Any CPU.Build.0 = Release|Any CPU
	EndGlobalSection
	GlobalSection(SolutionProperties) = preSolution
		HideSolutionNode = FALSE
	EndGlobalSection
	GlobalSection(ExtensibilityGlobals) = postSolution
		SolutionGuid = {60CFA6A5-2CFA-4E6B-A7B2-154995BC43C2}
	EndGlobalSection
EndGlobal
